// !$*UTF8*$!
{
	archiveVersion = 1;
	classes = {
	};
	objectVersion = 50;
	objects = {

/* Begin PBXBuildFile section */
		D425D777249721DB00ACB1AD /* AppDelegate.swift in Sources */ = {isa = PBXBuildFile; fileRef = D425D776249721DB00ACB1AD /* AppDelegate.swift */; };
		D425D779249721DB00ACB1AD /* SceneDelegate.swift in Sources */ = {isa = PBXBuildFile; fileRef = D425D778249721DB00ACB1AD /* SceneDelegate.swift */; };
		D425D77B249721DB00ACB1AD /* ViewController.swift in Sources */ = {isa = PBXBuildFile; fileRef = D425D77A249721DB00ACB1AD /* ViewController.swift */; };
		D425D77E249721DB00ACB1AD /* Main.storyboard in Resources */ = {isa = PBXBuildFile; fileRef = D425D77C249721DB00ACB1AD /* Main.storyboard */; };
		D425D780249721DD00ACB1AD /* Assets.xcassets in Resources */ = {isa = PBXBuildFile; fileRef = D425D77F249721DD00ACB1AD /* Assets.xcassets */; };
		D425D783249721DD00ACB1AD /* LaunchScreen.storyboard in Resources */ = {isa = PBXBuildFile; fileRef = D425D781249721DD00ACB1AD /* LaunchScreen.storyboard */; };
		D425D78B249722C800ACB1AD /* WebServices.swift in Sources */ = {isa = PBXBuildFile; fileRef = D425D78A249722C800ACB1AD /* WebServices.swift */; };
		D425D78D2497237400ACB1AD /* EmployeeResponse.swift in Sources */ = {isa = PBXBuildFile; fileRef = D425D78C2497237400ACB1AD /* EmployeeResponse.swift */; };
		D425D78F249723AA00ACB1AD /* Constants.swift in Sources */ = {isa = PBXBuildFile; fileRef = D425D78E249723AA00ACB1AD /* Constants.swift */; };
		D425D7912497242500ACB1AD /* ReportsResponse.swift in Sources */ = {isa = PBXBuildFile; fileRef = D425D7902497242500ACB1AD /* ReportsResponse.swift */; };
		D4269D442497F2D900336C3D /* EmployeeViewController.swift in Sources */ = {isa = PBXBuildFile; fileRef = D4269D432497F2D900336C3D /* EmployeeViewController.swift */; };
		D4269D462497F2EE00336C3D /* ReportViewController.swift in Sources */ = {isa = PBXBuildFile; fileRef = D4269D452497F2EE00336C3D /* ReportViewController.swift */; };
		D4269D482497F2FC00336C3D /* PostViewController.swift in Sources */ = {isa = PBXBuildFile; fileRef = D4269D472497F2FC00336C3D /* PostViewController.swift */; };
		D4269D4B2497F42100336C3D /* Cell.swift in Sources */ = {isa = PBXBuildFile; fileRef = D4269D4A2497F42100336C3D /* Cell.swift */; };
		D4269D4D2498100F00336C3D /* UserRegistrationRequest.swift in Sources */ = {isa = PBXBuildFile; fileRef = D4269D4C2498100F00336C3D /* UserRegistrationRequest.swift */; };
		D4269D4F2498104F00336C3D /* UserRegistrationResponse.swift in Sources */ = {isa = PBXBuildFile; fileRef = D4269D4E2498104F00336C3D /* UserRegistrationResponse.swift */; };
/* End PBXBuildFile section */

/* Begin PBXFileReference section */
		D425D773249721DB00ACB1AD /* API_Manager.app */ = {isa = PBXFileReference; explicitFileType = wrapper.application; includeInIndex = 0; path = API_Manager.app; sourceTree = BUILT_PRODUCTS_DIR; };
		D425D776249721DB00ACB1AD /* AppDelegate.swift */ = {isa = PBXFileReference; lastKnownFileType = sourcecode.swift; path = AppDelegate.swift; sourceTree = "<group>"; };
		D425D778249721DB00ACB1AD /* SceneDelegate.swift */ = {isa = PBXFileReference; lastKnownFileType = sourcecode.swift; path = SceneDelegate.swift; sourceTree = "<group>"; };
		D425D77A249721DB00ACB1AD /* ViewController.swift */ = {isa = PBXFileReference; lastKnownFileType = sourcecode.swift; path = ViewController.swift; sourceTree = "<group>"; };
		D425D77D249721DB00ACB1AD /* Base */ = {isa = PBXFileReference; lastKnownFileType = file.storyboard; name = Base; path = Base.lproj/Main.storyboard; sourceTree = "<group>"; };
		D425D77F249721DD00ACB1AD /* Assets.xcassets */ = {isa = PBXFileReference; lastKnownFileType = folder.assetcatalog; path = Assets.xcassets; sourceTree = "<group>"; };
		D425D782249721DD00ACB1AD /* Base */ = {isa = PBXFileReference; lastKnownFileType = file.storyboard; name = Base; path = Base.lproj/LaunchScreen.storyboard; sourceTree = "<group>"; };
		D425D784249721DD00ACB1AD /* Info.plist */ = {isa = PBXFileReference; lastKnownFileType = text.plist.xml; path = Info.plist; sourceTree = "<group>"; };
		D425D78A249722C800ACB1AD /* WebServices.swift */ = {isa = PBXFileReference; lastKnownFileType = sourcecode.swift; path = WebServices.swift; sourceTree = "<group>"; };
		D425D78C2497237400ACB1AD /* EmployeeResponse.swift */ = {isa = PBXFileReference; lastKnownFileType = sourcecode.swift; path = EmployeeResponse.swift; sourceTree = "<group>"; };
		D425D78E249723AA00ACB1AD /* Constants.swift */ = {isa = PBXFileReference; lastKnownFileType = sourcecode.swift; path = Constants.swift; sourceTree = "<group>"; };
		D425D7902497242500ACB1AD /* ReportsResponse.swift */ = {isa = PBXFileReference; lastKnownFileType = sourcecode.swift; path = ReportsResponse.swift; sourceTree = "<group>"; };
		D4269D432497F2D900336C3D /* EmployeeViewController.swift */ = {isa = PBXFileReference; lastKnownFileType = sourcecode.swift; path = EmployeeViewController.swift; sourceTree = "<group>"; };
		D4269D452497F2EE00336C3D /* ReportViewController.swift */ = {isa = PBXFileReference; lastKnownFileType = sourcecode.swift; path = ReportViewController.swift; sourceTree = "<group>"; };
		D4269D472497F2FC00336C3D /* PostViewController.swift */ = {isa = PBXFileReference; lastKnownFileType = sourcecode.swift; path = PostViewController.swift; sourceTree = "<group>"; };
		D4269D4A2497F42100336C3D /* Cell.swift */ = {isa = PBXFileReference; lastKnownFileType = sourcecode.swift; path = Cell.swift; sourceTree = "<group>"; };
		D4269D4C2498100F00336C3D /* UserRegistrationRequest.swift */ = {isa = PBXFileReference; lastKnownFileType = sourcecode.swift; path = UserRegistrationRequest.swift; sourceTree = "<group>"; };
		D4269D4E2498104F00336C3D /* UserRegistrationResponse.swift */ = {isa = PBXFileReference; lastKnownFileType = sourcecode.swift; path = UserRegistrationResponse.swift; sourceTree = "<group>"; };
/* End PBXFileReference section */

/* Begin PBXFrameworksBuildPhase section */
		D425D770249721DB00ACB1AD /* Frameworks */ = {
			isa = PBXFrameworksBuildPhase;
			buildActionMask = 2147483647;
			files = (
			);
			runOnlyForDeploymentPostprocessing = 0;
		};
/* End PBXFrameworksBuildPhase section */

/* Begin PBXGroup section */
		D425D76A249721DB00ACB1AD = {
			isa = PBXGroup;
			children = (
				D425D775249721DB00ACB1AD /* API_Manager */,
				D425D774249721DB00ACB1AD /* Products */,
			);
			sourceTree = "<group>";
		};
		D425D774249721DB00ACB1AD /* Products */ = {
			isa = PBXGroup;
			children = (
				D425D773249721DB00ACB1AD /* API_Manager.app */,
			);
			name = Products;
			sourceTree = "<group>";
		};
		D425D775249721DB00ACB1AD /* API_Manager */ = {
			isa = PBXGroup;
			children = (
				D4269D3E2497EF5800336C3D /* Constants_Files */,
				D4269D412497EFB600336C3D /* Api_Manager */,
				D4269D3F2497EF7700336C3D /* Models */,
				D4269D422497F29A00336C3D /* Contollers */,
				D4269D492497F3FC00336C3D /* TableViewCells */,
				D425D776249721DB00ACB1AD /* AppDelegate.swift */,
				D425D778249721DB00ACB1AD /* SceneDelegate.swift */,
				D425D77C249721DB00ACB1AD /* Main.storyboard */,
				D425D77F249721DD00ACB1AD /* Assets.xcassets */,
				D425D781249721DD00ACB1AD /* LaunchScreen.storyboard */,
				D425D784249721DD00ACB1AD /* Info.plist */,
			);
			path = API_Manager;
			sourceTree = "<group>";
		};
		D4269D3E2497EF5800336C3D /* Constants_Files */ = {
			isa = PBXGroup;
			children = (
				D425D78E249723AA00ACB1AD /* Constants.swift */,
			);
			path = Constants_Files;
			sourceTree = "<group>";
		};
		D4269D3F2497EF7700336C3D /* Models */ = {
			isa = PBXGroup;
			children = (
				D425D78C2497237400ACB1AD /* EmployeeResponse.swift */,
				D425D7902497242500ACB1AD /* ReportsResponse.swift */,
				D4269D4C2498100F00336C3D /* UserRegistrationRequest.swift */,
				D4269D4E2498104F00336C3D /* UserRegistrationResponse.swift */,
			);
			path = Models;
			sourceTree = "<group>";
		};
		D4269D412497EFB600336C3D /* Api_Manager */ = {
			isa = PBXGroup;
			children = (
				D425D78A249722C800ACB1AD /* WebServices.swift */,
			);
			path = Api_Manager;
			sourceTree = "<group>";
		};
		D4269D422497F29A00336C3D /* Contollers */ = {
			isa = PBXGroup;
			children = (
				D425D77A249721DB00ACB1AD /* ViewController.swift */,
				D4269D432497F2D900336C3D /* EmployeeViewController.swift */,
				D4269D452497F2EE00336C3D /* ReportViewController.swift */,
				D4269D472497F2FC00336C3D /* PostViewController.swift */,
			);
			path = Contollers;
			sourceTree = "<group>";
		};
		D4269D492497F3FC00336C3D /* TableViewCells */ = {
			isa = PBXGroup;
			children = (
				D4269D4A2497F42100336C3D /* Cell.swift */,
			);
			path = TableViewCells;
			sourceTree = "<group>";
		};
/* End PBXGroup section */

/* Begin PBXNativeTarget section */
		D425D772249721DB00ACB1AD /* API_Manager */ = {
			isa = PBXNativeTarget;
			buildConfigurationList = D425D787249721DD00ACB1AD /* Build configuration list for PBXNativeTarget "API_Manager" */;
			buildPhases = (
				D425D76F249721DB00ACB1AD /* Sources */,
				D425D770249721DB00ACB1AD /* Frameworks */,
				D425D771249721DB00ACB1AD /* Resources */,
			);
			buildRules = (
			);
			dependencies = (
			);
			name = API_Manager;
			productName = API_Manager;
			productReference = D425D773249721DB00ACB1AD /* API_Manager.app */;
			productType = "com.apple.product-type.application";
		};
/* End PBXNativeTarget section */

/* Begin PBXProject section */
		D425D76B249721DB00ACB1AD /* Project object */ = {
			isa = PBXProject;
			attributes = {
				LastSwiftUpdateCheck = 1150;
				LastUpgradeCheck = 1150;
				ORGANIZATIONNAME = "Mithun Raj";
				TargetAttributes = {
					D425D772249721DB00ACB1AD = {
						CreatedOnToolsVersion = 11.5;
					};
				};
			};
			buildConfigurationList = D425D76E249721DB00ACB1AD /* Build configuration list for PBXProject "API_Manager" */;
			compatibilityVersion = "Xcode 9.3";
			developmentRegion = en;
			hasScannedForEncodings = 0;
			knownRegions = (
				en,
				Base,
			);
			mainGroup = D425D76A249721DB00ACB1AD;
			productRefGroup = D425D774249721DB00ACB1AD /* Products */;
			projectDirPath = "";
			projectRoot = "";
			targets = (
				D425D772249721DB00ACB1AD /* API_Manager */,
			);
		};
/* End PBXProject section */

/* Begin PBXResourcesBuildPhase section */
		D425D771249721DB00ACB1AD /* Resources */ = {
			isa = PBXResourcesBuildPhase;
			buildActionMask = 2147483647;
			files = (
				D425D783249721DD00ACB1AD /* LaunchScreen.storyboard in Resources */,
				D425D780249721DD00ACB1AD /* Assets.xcassets in Resources */,
				D425D77E249721DB00ACB1AD /* Main.storyboard in Resources */,
			);
			runOnlyForDeploymentPostprocessing = 0;
		};
/* End PBXResourcesBuildPhase section */

/* Begin PBXSourcesBuildPhase section */
		D425D76F249721DB00ACB1AD /* Sources */ = {
			isa = PBXSourcesBuildPhase;
			buildActionMask = 2147483647;
			files = (
				D425D77B249721DB00ACB1AD /* ViewController.swift in Sources */,
				D425D78D2497237400ACB1AD /* EmployeeResponse.swift in Sources */,
				D425D777249721DB00ACB1AD /* AppDelegate.swift in Sources */,
				D4269D4D2498100F00336C3D /* UserRegistrationRequest.swift in Sources */,
				D425D78B249722C800ACB1AD /* WebServices.swift in Sources */,
				D4269D482497F2FC00336C3D /* PostViewController.swift in Sources */,
				D425D779249721DB00ACB1AD /* SceneDelegate.swift in Sources */,
				D4269D462497F2EE00336C3D /* ReportViewController.swift in Sources */,
				D425D7912497242500ACB1AD /* ReportsResponse.swift in Sources */,
				D4269D4F2498104F00336C3D /* UserRegistrationResponse.swift in Sources */,
				D4269D4B2497F42100336C3D /* Cell.swift in Sources */,
				D4269D442497F2D900336C3D /* EmployeeViewController.swift in Sources */,
				D425D78F249723AA00ACB1AD /* Constants.swift in Sources */,
			);
			runOnlyForDeploymentPostprocessing = 0;
		};
/* End PBXSourcesBuildPhase section */

/* Begin PBXVariantGroup section */
		D425D77C249721DB00ACB1AD /* Main.storyboard */ = {
			isa = PBXVariantGroup;
			children = (
				D425D77D249721DB00ACB1AD /* Base */,
			);
			name = Main.storyboard;
			sourceTree = "<group>";
		};
		D425D781249721DD00ACB1AD /* LaunchScreen.storyboard */ = {
			isa = PBXVariantGroup;
			children = (
				D425D782249721DD00ACB1AD /* Base */,
			);
			name = LaunchScreen.storyboard;
			sourceTree = "<group>";
		};
/* End PBXVariantGroup section */

/* Begin XCBuildConfiguration section */
		D425D785249721DD00ACB1AD /* Debug */ = {
			isa = XCBuildConfiguration;
			buildSettings = {
				ALWAYS_SEARCH_USER_PATHS = NO;
				CLANG_ANALYZER_NONNULL = YES;
				CLANG_ANALYZER_NUMBER_OBJECT_CONVERSION = YES_AGGRESSIVE;
				CLANG_CXX_LANGUAGE_STANDARD = "gnu++14";
				CLANG_CXX_LIBRARY = "libc++";
				CLANG_ENABLE_MODULES = YES;
				CLANG_ENABLE_OBJC_ARC = YES;
				CLANG_ENABLE_OBJC_WEAK = YES;
				CLANG_WARN_BLOCK_CAPTURE_AUTORELEASING = YES;
				CLANG_WARN_BOOL_CONVERSION = YES;
				CLANG_WARN_COMMA = YES;
				CLANG_WARN_CONSTANT_CONVERSION = YES;
				CLANG_WARN_DEPRECATED_OBJC_IMPLEMENTATIONS = YES;
				CLANG_WARN_DIRECT_OBJC_ISA_USAGE = YES_ERROR;
				CLANG_WARN_DOCUMENTATION_COMMENTS = YES;
				CLANG_WARN_EMPTY_BODY = YES;
				CLANG_WARN_ENUM_CONVERSION = YES;
				CLANG_WARN_INFINITE_RECURSION = YES;
				CLANG_WARN_INT_CONVERSION = YES;
				CLANG_WARN_NON_LITERAL_NULL_CONVERSION = YES;
				CLANG_WARN_OBJC_IMPLICIT_RETAIN_SELF = YES;
				CLANG_WARN_OBJC_LITERAL_CONVERSION = YES;
				CLANG_WARN_OBJC_ROOT_CLASS = YES_ERROR;
				CLANG_WARN_RANGE_LOOP_ANALYSIS = YES;
				CLANG_WARN_STRICT_PROTOTYPES = YES;
				CLANG_WARN_SUSPICIOUS_MOVE = YES;
				CLANG_WARN_UNGUARDED_AVAILABILITY = YES_AGGRESSIVE;
				CLANG_WARN_UNREACHABLE_CODE = YES;
				CLANG_WARN__DUPLICATE_METHOD_MATCH = YES;
				COPY_PHASE_STRIP = NO;
				DEBUG_INFORMATION_FORMAT = dwarf;
				ENABLE_STRICT_OBJC_MSGSEND = YES;
				ENABLE_TESTABILITY = YES;
				GCC_C_LANGUAGE_STANDARD = gnu11;
				GCC_DYNAMIC_NO_PIC = NO;
				GCC_NO_COMMON_BLOCKS = YES;
				GCC_OPTIMIZATION_LEVEL = 0;
				GCC_PREPROCESSOR_DEFINITIONS = (
					"DEBUG=1",
					"$(inherited)",
				);
				GCC_WARN_64_TO_32_BIT_CONVERSION = YES;
				GCC_WARN_ABOUT_RETURN_TYPE = YES_ERROR;
				GCC_WARN_UNDECLARED_SELECTOR = YES;
				GCC_WARN_UNINITIALIZED_AUTOS = YES_AGGRESSIVE;
				GCC_WARN_UNUSED_FUNCTION = YES;
				GCC_WARN_UNUSED_VARIABLE = YES;
				IPHONEOS_DEPLOYMENT_TARGET = 13.5;
				MTL_ENABLE_DEBUG_INFO = INCLUDE_SOURCE;
				MTL_FAST_MATH = YES;
				ONLY_ACTIVE_ARCH = YES;
				SDKROOT = iphoneos;
				SWIFT_ACTIVE_COMPILATION_CONDITIONS = DEBUG;
				SWIFT_OPTIMIZATION_LEVEL = "-Onone";
			};
			name = Debug;
		};
		D425D786249721DD00ACB1AD /* Release */ = {
			isa = XCBuildConfiguration;
			buildSettings = {
				ALWAYS_SEARCH_USER_PATHS = NO;
				CLANG_ANALYZER_NONNULL = YES;
				CLANG_ANALYZER_NUMBER_OBJECT_CONVERSION = YES_AGGRESSIVE;
				CLANG_CXX_LANGUAGE_STANDARD = "gnu++14";
				CLANG_CXX_LIBRARY = "libc++";
				CLANG_ENABLE_MODULES = YES;
				CLANG_ENABLE_OBJC_ARC = YES;
				CLANG_ENABLE_OBJC_WEAK = YES;
				CLANG_WARN_BLOCK_CAPTURE_AUTORELEASING = YES;
				CLANG_WARN_BOOL_CONVERSION = YES;
				CLANG_WARN_COMMA = YES;
				CLANG_WARN_CONSTANT_CONVERSION = YES;
				CLANG_WARN_DEPRECATED_OBJC_IMPLEMENTATIONS = YES;
				CLANG_WARN_DIRECT_OBJC_ISA_USAGE = YES_ERROR;
				CLANG_WARN_DOCUMENTATION_COMMENTS = YES;
				CLANG_WARN_EMPTY_BODY = YES;
				CLANG_WARN_ENUM_CONVERSION = YES;
				CLANG_WARN_INFINITE_RECURSION = YES;
				CLANG_WARN_INT_CONVERSION = YES;
				CLANG_WARN_NON_LITERAL_NULL_CONVERSION = YES;
				CLANG_WARN_OBJC_IMPLICIT_RETAIN_SELF = YES;
				CLANG_WARN_OBJC_LITERAL_CONVERSION = YES;
				CLANG_WARN_OBJC_ROOT_CLASS = YES_ERROR;
				CLANG_WARN_RANGE_LOOP_ANALYSIS = YES;
				CLANG_WARN_STRICT_PROTOTYPES = YES;
				CLANG_WARN_SUSPICIOUS_MOVE = YES;
				CLANG_WARN_UNGUARDED_AVAILABILITY = YES_AGGRESSIVE;
				CLANG_WARN_UNREACHABLE_CODE = YES;
				CLANG_WARN__DUPLICATE_METHOD_MATCH = YES;
				COPY_PHASE_STRIP = NO;
				DEBUG_INFORMATION_FORMAT = "dwarf-with-dsym";
				ENABLE_NS_ASSERTIONS = NO;
				ENABLE_STRICT_OBJC_MSGSEND = YES;
				GCC_C_LANGUAGE_STANDARD = gnu11;
				GCC_NO_COMMON_BLOCKS = YES;
				GCC_WARN_64_TO_32_BIT_CONVERSION = YES;
				GCC_WARN_ABOUT_RETURN_TYPE = YES_ERROR;
				GCC_WARN_UNDECLARED_SELECTOR = YES;
				GCC_WARN_UNINITIALIZED_AUTOS = YES_AGGRESSIVE;
				GCC_WARN_UNUSED_FUNCTION = YES;
				GCC_WARN_UNUSED_VARIABLE = YES;
				IPHONEOS_DEPLOYMENT_TARGET = 13.5;
				MTL_ENABLE_DEBUG_INFO = NO;
				MTL_FAST_MATH = YES;
				SDKROOT = iphoneos;
				SWIFT_COMPILATION_MODE = wholemodule;
				SWIFT_OPTIMIZATION_LEVEL = "-O";
				VALIDATE_PRODUCT = YES;
			};
			name = Release;
		};
		D425D788249721DD00ACB1AD /* Debug */ = {
			isa = XCBuildConfiguration;
			buildSettings = {
				ASSETCATALOG_COMPILER_APPICON_NAME = AppIcon;
				CODE_SIGN_STYLE = Automatic;
				INFOPLIST_FILE = API_Manager/Info.plist;
				LD_RUNPATH_SEARCH_PATHS = (
					"$(inherited)",
					"@executable_path/Frameworks",
				);
				PRODUCT_BUNDLE_IDENTIFIER = "com.mithun.API-Manager";
				PRODUCT_NAME = "$(TARGET_NAME)";
				SWIFT_VERSION = 5.0;
				TARGETED_DEVICE_FAMILY = "1,2";
			};
			name = Debug;
		};
		D425D789249721DD00ACB1AD /* Release */ = {
			isa = XCBuildConfiguration;
			buildSettings = {
				ASSETCATALOG_COMPILER_APPICON_NAME = AppIcon;
				CODE_SIGN_STYLE = Automatic;
				INFOPLIST_FILE = API_Manager/Info.plist;
				LD_RUNPATH_SEARCH_PATHS = (
					"$(inherited)",
					"@executable_path/Frameworks",
				);
				PRODUCT_BUNDLE_IDENTIFIER = "com.mithun.API-Manager";
				PRODUCT_NAME = "$(TARGET_NAME)";
				SWIFT_VERSION = 5.0;
				TARGETED_DEVICE_FAMILY = "1,2";
			};
			name = Release;
		};
/* End XCBuildConfiguration section */

/* Begin XCConfigurationList section */
		D425D76E249721DB00ACB1AD /* Build configuration list for PBXProject "API_Manager" */ = {
			isa = XCConfigurationList;
			buildConfigurations = (
				D425D785249721DD00ACB1AD /* Debug */,
				D425D786249721DD00ACB1AD /* Release */,
			);
			defaultConfigurationIsVisible = 0;
			defaultConfigurationName = Release;
		};
		D425D787249721DD00ACB1AD /* Build configuration list for PBXNativeTarget "API_Manager" */ = {
			isa = XCConfigurationList;
			buildConfigurations = (
				D425D788249721DD00ACB1AD /* Debug */,
				D425D789249721DD00ACB1AD /* Release */,
			);
			defaultConfigurationIsVisible = 0;
			defaultConfigurationName = Release;
		};
/* End XCConfigurationList section */
	};
	rootObject = D425D76B249721DB00ACB1AD /* Project object */;
}
